
Microsoft Visual Studio Solution File, Format Version 12.00
# Visual Studio Version 17
VisualStudioVersion = 17.12.35707.178 d17.12
MinimumVisualStudioVersion = 10.0.40219.1
Project("{FAE04EC0-301F-11D3-BF4B-00C04F79EFBC}") = "CalcApi", "cv12\CalcApi.csproj", "{00DDD713-F57A-42B0-8B4B-1534215A111D}"
EndProject
Project("{FAE04EC0-301F-11D3-BF4B-00C04F79EFBC}") = "CalcWeb", "CalcWeb\CalcWeb.csproj", "{B06569F1-0964-4865-ACDD-B3AA57219FAB}"
EndProject
Project("{FAE04EC0-301F-11D3-BF4B-00C04F79EFBC}") = "WpfCalc", "WpfCalc\WpfCalc.csproj", "{CA6CDDC6-F261-488C-86D7-E39D59D99637}"
EndProject
Global
	GlobalSection(SolutionConfigurationPlatforms) = preSolution
		Debug|Any CPU = Debug|Any CPU
		Release|Any CPU = Release|Any CPU
	EndGlobalSection
	GlobalSection(ProjectConfigurationPlatforms) = postSolution
		{00DDD713-F57A-42B0-8B4B-1534215A111D}.Debug|Any CPU.ActiveCfg = Debug|Any CPU
		{00DDD713-F57A-42B0-8B4B-1534215A111D}.Debug|Any CPU.Build.0 = Debug|Any CPU
		{00DDD713-F57A-42B0-8B4B-1534215A111D}.Release|Any CPU.ActiveCfg = Release|Any CPU
		{00DDD713-F57A-42B0-8B4B-1534215A111D}.Release|Any CPU.Build.0 = Release|Any CPU
		{B06569F1-0964-4865-ACDD-B3AA57219FAB}.Debug|Any CPU.ActiveCfg = Debug|Any CPU
		{B06569F1-0964-4865-ACDD-B3AA57219FAB}.Debug|Any CPU.Build.0 = Debug|Any CPU
		{B06569F1-0964-4865-ACDD-B3AA57219FAB}.Release|Any CPU.ActiveCfg = Release|Any CPU
		{B06569F1-0964-4865-ACDD-B3AA57219FAB}.Release|Any CPU.Build.0 = Release|Any CPU
		{CA6CDDC6-F261-488C-86D7-E39D59D99637}.Debug|Any CPU.ActiveCfg = Debug|Any CPU
		{CA6CDDC6-F261-488C-86D7-E39D59D99637}.Debug|Any CPU.Build.0 = Debug|Any CPU
		{CA6CDDC6-F261-488C-86D7-E39D59D99637}.Release|Any CPU.ActiveCfg = Release|Any CPU
		{CA6CDDC6-F261-488C-86D7-E39D59D99637}.Release|Any CPU.Build.0 = Release|Any CPU
	EndGlobalSection
	GlobalSection(SolutionProperties) = preSolution
		HideSolutionNode = FALSE
	EndGlobalSection
EndGlobal
